
Microsoft Visual Studio Solution File, Format Version 12.00
# Visual Studio Version 16
VisualStudioVersion = 16.0.30204.135
MinimumVisualStudioVersion = 10.0.40219.1
Project("{9A19103F-16F7-4668-BE54-9A1E7A4F7556}") = "AshtonBro.Code", "AshtonBro.Code.csproj", "{56471BDF-F026-4D0C-B168-4F4BEB7AD6DA}"
EndProject
Global
	GlobalSection(SolutionConfigurationPlatforms) = preSolution
		Debug|Any CPU = Debug|Any CPU
		Release|Any CPU = Release|Any CPU
	EndGlobalSection
	GlobalSection(ProjectConfigurationPlatforms) = postSolution
		{56471BDF-F026-4D0C-B168-4F4BEB7AD6DA}.Debug|Any CPU.ActiveCfg = Debug|Any CPU
		{56471BDF-F026-4D0C-B168-4F4BEB7AD6DA}.Debug|Any CPU.Build.0 = Debug|Any CPU
		{56471BDF-F026-4D0C-B168-4F4BEB7AD6DA}.Release|Any CPU.ActiveCfg = Release|Any CPU
		{56471BDF-F026-4D0C-B168-4F4BEB7AD6DA}.Release|Any CPU.Build.0 = Release|Any CPU
	EndGlobalSection
	GlobalSection(SolutionProperties) = preSolution
		HideSolutionNode = FALSE
	EndGlobalSection
	GlobalSection(ExtensibilityGlobals) = postSolution
		SolutionGuid = {8368272B-6696-4F1C-90B1-26DD626A6822}
	EndGlobalSection
EndGlobal
